
Microsoft Visual Studio Solution File, Format Version 12.00
# Visual Studio Version 17
VisualStudioVersion = 17.14.36511.14
MinimumVisualStudioVersion = 10.0.40219.1
Project("{FAE04EC0-301F-11D3-BF4B-00C04F79EFBC}") = "UD1-Ej1-Array", "UD1-Ej1-Array\UD1-Ej1-Array.csproj", "{D10D1819-6AAF-44CD-A93E-4FBBE7B7C0FC}"
EndProject
Project("{FAE04EC0-301F-11D3-BF4B-00C04F79EFBC}") = "UD1-Ej2-Clases", "UD1-Ej2-Clases\UD1-Ej2-Clases.csproj", "{00DBA323-29CE-4AF5-A239-6A149BA813CF}"
EndProject
Project("{FAE04EC0-301F-11D3-BF4B-00C04F79EFBC}") = "UD1-Ej3-Herencia", "UD1-Ej3\UD1-Ej3-Herencia.csproj", "{3EFD203A-6828-4080-B014-FBEE1459E8AD}"
EndProject
Project("{FAE04EC0-301F-11D3-BF4B-00C04F79EFBC}") = "UD1-Ej4-Interfaces", "UD1-Ej4-Interfaces\UD1-Ej4-Interfaces.csproj", "{D0245680-5B57-4F68-A4DA-B61B6F85451E}"
EndProject
Project("{FAE04EC0-301F-11D3-BF4B-00C04F79EFBC}") = "UD1-Ej5-Excepciones", "UD1-Ej5-Excepciones\UD1-Ej5-Excepciones.csproj", "{FC0E87FD-9971-4073-B0D6-51FFEE6766DA}"
EndProject
Project("{FAE04EC0-301F-11D3-BF4B-00C04F79EFBC}") = "UD1-EjPrueba-AplicacionCasaTerror", "UD1-EjPrueba-AplicacionCasaTerror\UD1-EjPrueba-AplicacionCasaTerror.csproj", "{1C5D094F-6694-4BE6-A1B9-00EBD3C5A1FC}"
EndProject
Project("{FAE04EC0-301F-11D3-BF4B-00C04F79EFBC}") = "UD1-Ej9-Gimnasio", "UD1-Ej9-Gimnasio\UD1-Ej9-Gimnasio.csproj", "{5DF27D5A-C59E-4B57-BDDA-7CAD47A0D824}"
EndProject
Global
	GlobalSection(SolutionConfigurationPlatforms) = preSolution
		Debug|Any CPU = Debug|Any CPU
		Release|Any CPU = Release|Any CPU
	EndGlobalSection
	GlobalSection(ProjectConfigurationPlatforms) = postSolution
		{D10D1819-6AAF-44CD-A93E-4FBBE7B7C0FC}.Debug|Any CPU.ActiveCfg = Debug|Any CPU
		{D10D1819-6AAF-44CD-A93E-4FBBE7B7C0FC}.Debug|Any CPU.Build.0 = Debug|Any CPU
		{D10D1819-6AAF-44CD-A93E-4FBBE7B7C0FC}.Release|Any CPU.ActiveCfg = Release|Any CPU
		{D10D1819-6AAF-44CD-A93E-4FBBE7B7C0FC}.Release|Any CPU.Build.0 = Release|Any CPU
		{00DBA323-29CE-4AF5-A239-6A149BA813CF}.Debug|Any CPU.ActiveCfg = Debug|Any CPU
		{00DBA323-29CE-4AF5-A239-6A149BA813CF}.Debug|Any CPU.Build.0 = Debug|Any CPU
		{00DBA323-29CE-4AF5-A239-6A149BA813CF}.Release|Any CPU.ActiveCfg = Release|Any CPU
		{00DBA323-29CE-4AF5-A239-6A149BA813CF}.Release|Any CPU.Build.0 = Release|Any CPU
		{3EFD203A-6828-4080-B014-FBEE1459E8AD}.Debug|Any CPU.ActiveCfg = Debug|Any CPU
		{3EFD203A-6828-4080-B014-FBEE1459E8AD}.Debug|Any CPU.Build.0 = Debug|Any CPU
		{3EFD203A-6828-4080-B014-FBEE1459E8AD}.Release|Any CPU.ActiveCfg = Release|Any CPU
		{3EFD203A-6828-4080-B014-FBEE1459E8AD}.Release|Any CPU.Build.0 = Release|Any CPU
		{D0245680-5B57-4F68-A4DA-B61B6F85451E}.Debug|Any CPU.ActiveCfg = Debug|Any CPU
		{D0245680-5B57-4F68-A4DA-B61B6F85451E}.Debug|Any CPU.Build.0 = Debug|Any CPU
		{D0245680-5B57-4F68-A4DA-B61B6F85451E}.Release|Any CPU.ActiveCfg = Release|Any CPU
		{D0245680-5B57-4F68-A4DA-B61B6F85451E}.Release|Any CPU.Build.0 = Release|Any CPU
		{FC0E87FD-9971-4073-B0D6-51FFEE6766DA}.Debug|Any CPU.ActiveCfg = Debug|Any CPU
		{FC0E87FD-9971-4073-B0D6-51FFEE6766DA}.Debug|Any CPU.Build.0 = Debug|Any CPU
		{FC0E87FD-9971-4073-B0D6-51FFEE6766DA}.Release|Any CPU.ActiveCfg = Release|Any CPU
		{FC0E87FD-9971-4073-B0D6-51FFEE6766DA}.Release|Any CPU.Build.0 = Release|Any CPU
		{1C5D094F-6694-4BE6-A1B9-00EBD3C5A1FC}.Debug|Any CPU.ActiveCfg = Debug|Any CPU
		{1C5D094F-6694-4BE6-A1B9-00EBD3C5A1FC}.Debug|Any CPU.Build.0 = Debug|Any CPU
		{1C5D094F-6694-4BE6-A1B9-00EBD3C5A1FC}.Release|Any CPU.ActiveCfg = Release|Any CPU
		{1C5D094F-6694-4BE6-A1B9-00EBD3C5A1FC}.Release|Any CPU.Build.0 = Release|Any CPU
		{5DF27D5A-C59E-4B57-BDDA-7CAD47A0D824}.Debug|Any CPU.ActiveCfg = Debug|Any CPU
		{5DF27D5A-C59E-4B57-BDDA-7CAD47A0D824}.Debug|Any CPU.Build.0 = Debug|Any CPU
		{5DF27D5A-C59E-4B57-BDDA-7CAD47A0D824}.Release|Any CPU.ActiveCfg = Release|Any CPU
		{5DF27D5A-C59E-4B57-BDDA-7CAD47A0D824}.Release|Any CPU.Build.0 = Release|Any CPU
	EndGlobalSection
	GlobalSection(SolutionProperties) = preSolution
		HideSolutionNode = FALSE
	EndGlobalSection
	GlobalSection(ExtensibilityGlobals) = postSolution
		SolutionGuid = {57BAF2D6-A143-44DE-8620-982B99D6A88A}
	EndGlobalSection
EndGlobal
