
Microsoft Visual Studio Solution File, Format Version 12.00
# Visual Studio Version 17
VisualStudioVersion = 17.14.36511.14
MinimumVisualStudioVersion = 10.0.40219.1
Project("{FAE04EC0-301F-11D3-BF4B-00C04F79EFBC}") = "UD2-Ej1WPF", "UD2-Ej1WPF\UD2-Ej1WPF.csproj", "{C8919CF5-BC0A-4FFB-83E0-D7DA18B1F343}"
EndProject
Project("{FAE04EC0-301F-11D3-BF4B-00C04F79EFBC}") = "UD2-EJ1-WPF", "UD2-EJ1-WPF\UD2-EJ1-WPF.csproj", "{137DA932-0DCC-4D4C-A751-95F0CC36D6D0}"
EndProject
Project("{FAE04EC0-301F-11D3-BF4B-00C04F79EFBC}") = "UD2-EJ2-WPF", "UD2-EJ2-WPF\UD2-EJ2-WPF.csproj", "{DE1706ED-4035-4B22-ABBF-65E3C943BABF}"
EndProject
Project("{FAE04EC0-301F-11D3-BF4B-00C04F79EFBC}") = "EJBebidas", "EJBebidas\EJBebidas.csproj", "{4F79C0A2-D2B7-416D-8F31-62BED2EE3A44}"
EndProject
Global
	GlobalSection(SolutionConfigurationPlatforms) = preSolution
		Debug|Any CPU = Debug|Any CPU
		Release|Any CPU = Release|Any CPU
	EndGlobalSection
	GlobalSection(ProjectConfigurationPlatforms) = postSolution
		{C8919CF5-BC0A-4FFB-83E0-D7DA18B1F343}.Debug|Any CPU.ActiveCfg = Debug|Any CPU
		{C8919CF5-BC0A-4FFB-83E0-D7DA18B1F343}.Debug|Any CPU.Build.0 = Debug|Any CPU
		{C8919CF5-BC0A-4FFB-83E0-D7DA18B1F343}.Release|Any CPU.ActiveCfg = Release|Any CPU
		{C8919CF5-BC0A-4FFB-83E0-D7DA18B1F343}.Release|Any CPU.Build.0 = Release|Any CPU
		{137DA932-0DCC-4D4C-A751-95F0CC36D6D0}.Debug|Any CPU.ActiveCfg = Debug|Any CPU
		{137DA932-0DCC-4D4C-A751-95F0CC36D6D0}.Debug|Any CPU.Build.0 = Debug|Any CPU
		{137DA932-0DCC-4D4C-A751-95F0CC36D6D0}.Release|Any CPU.ActiveCfg = Release|Any CPU
		{137DA932-0DCC-4D4C-A751-95F0CC36D6D0}.Release|Any CPU.Build.0 = Release|Any CPU
		{DE1706ED-4035-4B22-ABBF-65E3C943BABF}.Debug|Any CPU.ActiveCfg = Debug|Any CPU
		{DE1706ED-4035-4B22-ABBF-65E3C943BABF}.Debug|Any CPU.Build.0 = Debug|Any CPU
		{DE1706ED-4035-4B22-ABBF-65E3C943BABF}.Release|Any CPU.ActiveCfg = Release|Any CPU
		{DE1706ED-4035-4B22-ABBF-65E3C943BABF}.Release|Any CPU.Build.0 = Release|Any CPU
		{4F79C0A2-D2B7-416D-8F31-62BED2EE3A44}.Debug|Any CPU.ActiveCfg = Debug|Any CPU
		{4F79C0A2-D2B7-416D-8F31-62BED2EE3A44}.Debug|Any CPU.Build.0 = Debug|Any CPU
		{4F79C0A2-D2B7-416D-8F31-62BED2EE3A44}.Release|Any CPU.ActiveCfg = Release|Any CPU
		{4F79C0A2-D2B7-416D-8F31-62BED2EE3A44}.Release|Any CPU.Build.0 = Release|Any CPU
	EndGlobalSection
	GlobalSection(SolutionProperties) = preSolution
		HideSolutionNode = FALSE
	EndGlobalSection
	GlobalSection(ExtensibilityGlobals) = postSolution
		SolutionGuid = {F52D8702-B087-498B-ABC4-E4DA3699FF21}
	EndGlobalSection
EndGlobal
