
Microsoft Visual Studio Solution File, Format Version 12.00
# Visual Studio Version 17
VisualStudioVersion = 17.14.36511.14 d17.14
MinimumVisualStudioVersion = 10.0.40219.1
Project("{FAE04EC0-301F-11D3-BF4B-00C04F79EFBC}") = "UD03-CRUDMAUI", "UD03-CRUDMAUI\UD03-CRUDMAUI.csproj", "{0316A325-8110-42E1-82C9-9AF141AED1F9}"
EndProject
Project("{FAE04EC0-301F-11D3-BF4B-00C04F79EFBC}") = "UD3LibCrudMaui", "UD3LibCrudMaui\UD3LibCrudMaui.csproj", "{051AEB27-FF2B-4CC7-ABC9-6EED5A3F826B}"
EndProject
Global
	GlobalSection(SolutionConfigurationPlatforms) = preSolution
		Debug|Any CPU = Debug|Any CPU
		Release|Any CPU = Release|Any CPU
	EndGlobalSection
	GlobalSection(ProjectConfigurationPlatforms) = postSolution
		{0316A325-8110-42E1-82C9-9AF141AED1F9}.Debug|Any CPU.ActiveCfg = Debug|Any CPU
		{0316A325-8110-42E1-82C9-9AF141AED1F9}.Debug|Any CPU.Build.0 = Debug|Any CPU
		{0316A325-8110-42E1-82C9-9AF141AED1F9}.Debug|Any CPU.Deploy.0 = Debug|Any CPU
		{0316A325-8110-42E1-82C9-9AF141AED1F9}.Release|Any CPU.ActiveCfg = Release|Any CPU
		{0316A325-8110-42E1-82C9-9AF141AED1F9}.Release|Any CPU.Build.0 = Release|Any CPU
		{051AEB27-FF2B-4CC7-ABC9-6EED5A3F826B}.Debug|Any CPU.ActiveCfg = Debug|Any CPU
		{051AEB27-FF2B-4CC7-ABC9-6EED5A3F826B}.Debug|Any CPU.Build.0 = Debug|Any CPU
		{051AEB27-FF2B-4CC7-ABC9-6EED5A3F826B}.Release|Any CPU.ActiveCfg = Release|Any CPU
		{051AEB27-FF2B-4CC7-ABC9-6EED5A3F826B}.Release|Any CPU.Build.0 = Release|Any CPU
	EndGlobalSection
	GlobalSection(SolutionProperties) = preSolution
		HideSolutionNode = FALSE
	EndGlobalSection
	GlobalSection(ExtensibilityGlobals) = postSolution
		SolutionGuid = {4533E6D0-E159-4A69-8315-F71B3F4D384C}
	EndGlobalSection
EndGlobal
